
Microsoft Visual Studio Solution File, Format Version 12.00
# Visual Studio Version 16
VisualStudioVersion = 25.0.1706.1
MinimumVisualStudioVersion = 10.0.40219.1
Project("{FAE04EC0-301F-11D3-BF4B-00C04F79EFBC}") = "routePlanner", "routePlanner.csproj", "{0AD64EBD-1863-46B6-866D-0FAC819A053C}"
EndProject
Global
	GlobalSection(SolutionConfigurationPlatforms) = preSolution
		Debug|Any CPU = Debug|Any CPU
		Release|Any CPU = Release|Any CPU
	EndGlobalSection
	GlobalSection(ProjectConfigurationPlatforms) = postSolution
		{0AD64EBD-1863-46B6-866D-0FAC819A053C}.Debug|Any CPU.ActiveCfg = Debug|Any CPU
		{0AD64EBD-1863-46B6-866D-0FAC819A053C}.Debug|Any CPU.Build.0 = Debug|Any CPU
		{0AD64EBD-1863-46B6-866D-0FAC819A053C}.Release|Any CPU.ActiveCfg = Release|Any CPU
		{0AD64EBD-1863-46B6-866D-0FAC819A053C}.Release|Any CPU.Build.0 = Release|Any CPU
	EndGlobalSection
	GlobalSection(SolutionProperties) = preSolution
		HideSolutionNode = FALSE
	EndGlobalSection
	GlobalSection(ExtensibilityGlobals) = postSolution
		SolutionGuid = {11FA0B12-9E49-4270-BB8D-C2C1190A5E46}
	EndGlobalSection
EndGlobal
